
Microsoft Visual Studio Solution File, Format Version 12.00
# Visual Studio Version 16
VisualStudioVersion = 16.0.31005.135
MinimumVisualStudioVersion = 10.0.40219.1
Project("{FAE04EC0-301F-11D3-BF4B-00C04F79EFBC}") = "programmingDataProject", "programmingDataProject\programmingDataProject.csproj", "{18A30B57-2995-42D3-A468-10534CAFE4BA}"
EndProject
Global
	GlobalSection(SolutionConfigurationPlatforms) = preSolution
		Debug|Any CPU = Debug|Any CPU
		Release|Any CPU = Release|Any CPU
	EndGlobalSection
	GlobalSection(ProjectConfigurationPlatforms) = postSolution
		{18A30B57-2995-42D3-A468-10534CAFE4BA}.Debug|Any CPU.ActiveCfg = Debug|Any CPU
		{18A30B57-2995-42D3-A468-10534CAFE4BA}.Debug|Any CPU.Build.0 = Debug|Any CPU
		{18A30B57-2995-42D3-A468-10534CAFE4BA}.Release|Any CPU.ActiveCfg = Release|Any CPU
		{18A30B57-2995-42D3-A468-10534CAFE4BA}.Release|Any CPU.Build.0 = Release|Any CPU
	EndGlobalSection
	GlobalSection(SolutionProperties) = preSolution
		HideSolutionNode = FALSE
	EndGlobalSection
	GlobalSection(ExtensibilityGlobals) = postSolution
		SolutionGuid = {FC765A55-E3BC-4FBA-8A8E-4E255657A109}
	EndGlobalSection
EndGlobal
